
Microsoft Visual Studio Solution File, Format Version 12.00
# Visual Studio Version 16
VisualStudioVersion = 16.0.29509.3
MinimumVisualStudioVersion = 10.0.40219.1
Project("{8BC9CEB8-8B4A-11D0-8D11-00A0C91BC942}") = "incbars", "incbars.vcxproj", "{726129F3-8D75-4A47-96D6-0C2D9FE045C7}"
EndProject
Project("{8BC9CEB8-8B4A-11D0-8D11-00A0C91BC942}") = "tests", "..\tests\tests.vcxproj", "{9F340E14-D79E-4F38-823B-BA89DEDE2DBE}"
	ProjectSection(ProjectDependencies) = postProject
		{83A400C8-03FA-4684-BC7F-D042CA4E86A7} = {83A400C8-03FA-4684-BC7F-D042CA4E86A7}
		{726129F3-8D75-4A47-96D6-0C2D9FE045C7} = {726129F3-8D75-4A47-96D6-0C2D9FE045C7}
	EndProjectSection
EndProject
Project("{8BC9CEB8-8B4A-11D0-8D11-00A0C91BC942}") = "datastruct", "..\datastruct\datastruct.vcxproj", "{83A400C8-03FA-4684-BC7F-D042CA4E86A7}"
EndProject
Project("{8BC9CEB8-8B4A-11D0-8D11-00A0C91BC942}") = "indicators", "..\indicators\indicators.vcxproj", "{0B2C577B-D5BD-421A-AB8F-E817D74902C9}"
EndProject
Global
	GlobalSection(SolutionConfigurationPlatforms) = preSolution
		Debug|x64 = Debug|x64
		Release|x64 = Release|x64
	EndGlobalSection
	GlobalSection(ProjectConfigurationPlatforms) = postSolution
		{726129F3-8D75-4A47-96D6-0C2D9FE045C7}.Debug|x64.ActiveCfg = Debug|x64
		{726129F3-8D75-4A47-96D6-0C2D9FE045C7}.Debug|x64.Build.0 = Debug|x64
		{726129F3-8D75-4A47-96D6-0C2D9FE045C7}.Release|x64.ActiveCfg = Release|x64
		{726129F3-8D75-4A47-96D6-0C2D9FE045C7}.Release|x64.Build.0 = Release|x64
		{9F340E14-D79E-4F38-823B-BA89DEDE2DBE}.Debug|x64.ActiveCfg = Debug|x64
		{9F340E14-D79E-4F38-823B-BA89DEDE2DBE}.Debug|x64.Build.0 = Debug|x64
		{9F340E14-D79E-4F38-823B-BA89DEDE2DBE}.Release|x64.ActiveCfg = Release|x64
		{9F340E14-D79E-4F38-823B-BA89DEDE2DBE}.Release|x64.Build.0 = Release|x64
		{83A400C8-03FA-4684-BC7F-D042CA4E86A7}.Debug|x64.ActiveCfg = Debug|x64
		{83A400C8-03FA-4684-BC7F-D042CA4E86A7}.Debug|x64.Build.0 = Debug|x64
		{83A400C8-03FA-4684-BC7F-D042CA4E86A7}.Release|x64.ActiveCfg = Release|x64
		{83A400C8-03FA-4684-BC7F-D042CA4E86A7}.Release|x64.Build.0 = Release|x64
		{0B2C577B-D5BD-421A-AB8F-E817D74902C9}.Debug|x64.ActiveCfg = Debug|x64
		{0B2C577B-D5BD-421A-AB8F-E817D74902C9}.Debug|x64.Build.0 = Debug|x64
		{0B2C577B-D5BD-421A-AB8F-E817D74902C9}.Release|x64.ActiveCfg = Release|x64
		{0B2C577B-D5BD-421A-AB8F-E817D74902C9}.Release|x64.Build.0 = Release|x64
	EndGlobalSection
	GlobalSection(SolutionProperties) = preSolution
		HideSolutionNode = FALSE
	EndGlobalSection
	GlobalSection(ExtensibilityGlobals) = postSolution
		SolutionGuid = {D4A66B44-96DE-462C-8628-A4D0F70E3475}
	EndGlobalSection
EndGlobal
