<?xml version="1.0" encoding="utf-8"?>
<Project ToolsVersion="4.0" xmlns="http://schemas.microsoft.com/developer/msbuild/2003">
  <ItemGroup>
    <ClCompile Include="dllmain.cpp" />
    <ClCompile Include="callpython.cpp">
      <Filter>python</Filter>
    </ClCompile>
    <ClCompile Include="eincbands.cpp" />
    <ClCompile Include="stdafx.cpp">
      <Filter>pch</Filter>
    </ClCompile>
  </ItemGroup>
  <ItemGroup>
    <ClInclude Include="include\dll.h" />
    <ClInclude Include="include\callpython.h">
      <Filter>include</Filter>
    </ClInclude>
    <ClInclude Include="include\eincbands.h">
      <Filter>include</Filter>
    </ClInclude>
    <ClInclude Include="include\xypair.h">
      <Filter>include</Filter>
    </ClInclude>
    <ClInclude Include="stdafx.h">
      <Filter>pch</Filter>
    </ClInclude>
  </ItemGroup>
  <ItemGroup>
    <Filter Include="include">
      <UniqueIdentifier>{1f90b608-98d1-46ee-bcd6-3bb78d2ac3de}</UniqueIdentifier>
    </Filter>
    <Filter Include="python">
      <UniqueIdentifier>{4f886974-f59c-4881-8a5f-44064c7470e1}</UniqueIdentifier>
    </Filter>
    <Filter Include="pch">
      <UniqueIdentifier>{98fdfdea-9c04-496e-ab62-21adb8f919e4}</UniqueIdentifier>
    </Filter>
  </ItemGroup>
</Project>