
Microsoft Visual Studio Solution File, Format Version 12.00
# Visual Studio Version 16
VisualStudioVersion = 16.0.29215.179
MinimumVisualStudioVersion = 10.0.40219.1
Project("{8BC9CEB8-8B4A-11D0-8D11-00A0C91BC942}") = "pytorchcpp", "pytorchcpp.vcxproj", "{E32AD162-78FB-4CBD-B244-01023ED6EFF0}"
EndProject
Project("{8BC9CEB8-8B4A-11D0-8D11-00A0C91BC942}") = "test_torch", "..\test_torch\test_torch.vcxproj", "{D5209107-3148-44C5-84BE-C067A0D1DF0C}"
	ProjectSection(ProjectDependencies) = postProject
		{E32AD162-78FB-4CBD-B244-01023ED6EFF0} = {E32AD162-78FB-4CBD-B244-01023ED6EFF0}
	EndProjectSection
EndProject
Global
	GlobalSection(SolutionConfigurationPlatforms) = preSolution
		Debug|x64 = Debug|x64
		Release|x64 = Release|x64
	EndGlobalSection
	GlobalSection(ProjectConfigurationPlatforms) = postSolution
		{E32AD162-78FB-4CBD-B244-01023ED6EFF0}.Debug|x64.ActiveCfg = Debug|x64
		{E32AD162-78FB-4CBD-B244-01023ED6EFF0}.Debug|x64.Build.0 = Debug|x64
		{E32AD162-78FB-4CBD-B244-01023ED6EFF0}.Release|x64.ActiveCfg = Release|x64
		{E32AD162-78FB-4CBD-B244-01023ED6EFF0}.Release|x64.Build.0 = Release|x64
		{D5209107-3148-44C5-84BE-C067A0D1DF0C}.Debug|x64.ActiveCfg = Debug|x64
		{D5209107-3148-44C5-84BE-C067A0D1DF0C}.Debug|x64.Build.0 = Debug|x64
		{D5209107-3148-44C5-84BE-C067A0D1DF0C}.Release|x64.ActiveCfg = Debug|x64
		{D5209107-3148-44C5-84BE-C067A0D1DF0C}.Release|x64.Build.0 = Debug|x64
	EndGlobalSection
	GlobalSection(SolutionProperties) = preSolution
		HideSolutionNode = FALSE
	EndGlobalSection
	GlobalSection(ExtensibilityGlobals) = postSolution
		SolutionGuid = {6F9C8991-13E3-4AE6-8A82-2E0F5C4436CC}
	EndGlobalSection
EndGlobal
